{
  "name": "enconvo.screenshot-translate",
  "version": "1.0.0",
  "lockfileVersion": 3,
  "requires": true,
  "packages": {
    "": {
      "name": "enconvo.screenshot-translate",
      "version": "1.0.0",
      "license": "MIT",
      "devDependencies": {}
    },
    "../../../../www/enconvo.sdk": {
      "extraneous": true
    }
  }
}
